
Microsoft Visual Studio Solution File, Format Version 12.00
# Visual Studio Version 17
VisualStudioVersion = 17.3.32804.467
MinimumVisualStudioVersion = 10.0.40219.1
Project("{FAE04EC0-301F-11D3-BF4B-00C04F79EFBC}") = "ZaverecnyProjekt", "ZaverecnyProjekt\ZaverecnyProjekt.csproj", "{6B1E1AE3-D5F2-44EC-9D47-08015DDA98C8}"
EndProject
Global
	GlobalSection(SolutionConfigurationPlatforms) = preSolution
		Debug|Any CPU = Debug|Any CPU
		Release|Any CPU = Release|Any CPU
	EndGlobalSection
	GlobalSection(ProjectConfigurationPlatforms) = postSolution
		{6B1E1AE3-D5F2-44EC-9D47-08015DDA98C8}.Debug|Any CPU.ActiveCfg = Debug|Any CPU
		{6B1E1AE3-D5F2-44EC-9D47-08015DDA98C8}.Debug|Any CPU.Build.0 = Debug|Any CPU
		{6B1E1AE3-D5F2-44EC-9D47-08015DDA98C8}.Release|Any CPU.ActiveCfg = Release|Any CPU
		{6B1E1AE3-D5F2-44EC-9D47-08015DDA98C8}.Release|Any CPU.Build.0 = Release|Any CPU
	EndGlobalSection
	GlobalSection(SolutionProperties) = preSolution
		HideSolutionNode = FALSE
	EndGlobalSection
	GlobalSection(ExtensibilityGlobals) = postSolution
		SolutionGuid = {8F30782F-27C9-46F7-9104-9EDE76265EFC}
	EndGlobalSection
EndGlobal
